
Microsoft Visual Studio Solution File, Format Version 12.00
# Visual Studio Version 17
VisualStudioVersion = 17.4.33403.182
MinimumVisualStudioVersion = 10.0.40219.1
Project("{FAE04EC0-301F-11D3-BF4B-00C04F79EFBC}") = "EmployeeWageComputation", "EmployeeWageComputation.csproj", "{DD23B18A-4268-44E7-98EA-4D1A7CFD360D}"
EndProject
Global
	GlobalSection(SolutionConfigurationPlatforms) = preSolution
		Debug|Any CPU = Debug|Any CPU
		Release|Any CPU = Release|Any CPU
	EndGlobalSection
	GlobalSection(ProjectConfigurationPlatforms) = postSolution
		{DD23B18A-4268-44E7-98EA-4D1A7CFD360D}.Debug|Any CPU.ActiveCfg = Debug|Any CPU
		{DD23B18A-4268-44E7-98EA-4D1A7CFD360D}.Debug|Any CPU.Build.0 = Debug|Any CPU
		{DD23B18A-4268-44E7-98EA-4D1A7CFD360D}.Release|Any CPU.ActiveCfg = Release|Any CPU
		{DD23B18A-4268-44E7-98EA-4D1A7CFD360D}.Release|Any CPU.Build.0 = Release|Any CPU
	EndGlobalSection
	GlobalSection(SolutionProperties) = preSolution
		HideSolutionNode = FALSE
	EndGlobalSection
	GlobalSection(ExtensibilityGlobals) = postSolution
		SolutionGuid = {D438FF4B-7656-4176-9A67-51C379DFABD8}
	EndGlobalSection
EndGlobal
